
Microsoft Visual Studio Solution File, Format Version 12.00
# Visual Studio Version 17
VisualStudioVersion = 17.7.34202.233
MinimumVisualStudioVersion = 10.0.40219.1
Project("{9A19103F-16F7-4668-BE54-9A1E7A4F7556}") = "RestEx", "RestEx\RestEx.csproj", "{FECA2843-4BEE-4DBB-B75F-0DBBB5C86D00}"
EndProject
Project("{9A19103F-16F7-4668-BE54-9A1E7A4F7556}") = "Assignments", "Assignments\Assignments.csproj", "{01C793E3-351A-45D0-80D9-EC06B843521E}"
EndProject
Project("{FAE04EC0-301F-11D3-BF4B-00C04F79EFBC}") = "RestExNunit", "RestExNunit\RestExNunit.csproj", "{ED8EAED7-3C19-4D98-A128-0130BBC62BD5}"
EndProject
Project("{FAE04EC0-301F-11D3-BF4B-00C04F79EFBC}") = "AsssignmentNunit", "AsssignmentNunit\AsssignmentNunit.csproj", "{4ECFEF70-E785-489F-A663-869EABB4A2CF}"
EndProject
Global
	GlobalSection(SolutionConfigurationPlatforms) = preSolution
		Debug|Any CPU = Debug|Any CPU
		Release|Any CPU = Release|Any CPU
	EndGlobalSection
	GlobalSection(ProjectConfigurationPlatforms) = postSolution
		{FECA2843-4BEE-4DBB-B75F-0DBBB5C86D00}.Debug|Any CPU.ActiveCfg = Debug|Any CPU
		{FECA2843-4BEE-4DBB-B75F-0DBBB5C86D00}.Debug|Any CPU.Build.0 = Debug|Any CPU
		{FECA2843-4BEE-4DBB-B75F-0DBBB5C86D00}.Release|Any CPU.ActiveCfg = Release|Any CPU
		{FECA2843-4BEE-4DBB-B75F-0DBBB5C86D00}.Release|Any CPU.Build.0 = Release|Any CPU
		{01C793E3-351A-45D0-80D9-EC06B843521E}.Debug|Any CPU.ActiveCfg = Debug|Any CPU
		{01C793E3-351A-45D0-80D9-EC06B843521E}.Debug|Any CPU.Build.0 = Debug|Any CPU
		{01C793E3-351A-45D0-80D9-EC06B843521E}.Release|Any CPU.ActiveCfg = Release|Any CPU
		{01C793E3-351A-45D0-80D9-EC06B843521E}.Release|Any CPU.Build.0 = Release|Any CPU
		{ED8EAED7-3C19-4D98-A128-0130BBC62BD5}.Debug|Any CPU.ActiveCfg = Debug|Any CPU
		{ED8EAED7-3C19-4D98-A128-0130BBC62BD5}.Debug|Any CPU.Build.0 = Debug|Any CPU
		{ED8EAED7-3C19-4D98-A128-0130BBC62BD5}.Release|Any CPU.ActiveCfg = Release|Any CPU
		{ED8EAED7-3C19-4D98-A128-0130BBC62BD5}.Release|Any CPU.Build.0 = Release|Any CPU
		{4ECFEF70-E785-489F-A663-869EABB4A2CF}.Debug|Any CPU.ActiveCfg = Debug|Any CPU
		{4ECFEF70-E785-489F-A663-869EABB4A2CF}.Debug|Any CPU.Build.0 = Debug|Any CPU
		{4ECFEF70-E785-489F-A663-869EABB4A2CF}.Release|Any CPU.ActiveCfg = Release|Any CPU
		{4ECFEF70-E785-489F-A663-869EABB4A2CF}.Release|Any CPU.Build.0 = Release|Any CPU
	EndGlobalSection
	GlobalSection(SolutionProperties) = preSolution
		HideSolutionNode = FALSE
	EndGlobalSection
	GlobalSection(ExtensibilityGlobals) = postSolution
		SolutionGuid = {C5B50EEB-CF0B-4CC1-8F8D-70F7FA501040}
	EndGlobalSection
EndGlobal
